
Microsoft Visual Studio Solution File, Format Version 12.00
# Visual Studio Version 17
VisualStudioVersion = 17.0.31903.59
MinimumVisualStudioVersion = 10.0.40219.1
Project("{2150E333-8FDC-42A3-9474-1A3956D46DE8}") = "src", "src", "{1CC3C9F8-7EC0-4FE8-9B51-BE1439156956}"
EndProject
Project("{9A19103F-16F7-4668-BE54-9A1E7A4F7556}") = "AuctionService", "src\AuctionService\AuctionService.csproj", "{88BF502E-298F-44C9-A2E5-9D54EBED4503}"
EndProject
Project("{9A19103F-16F7-4668-BE54-9A1E7A4F7556}") = "SearchService", "src\SearchService\SearchService.csproj", "{2597E1A7-9C4D-41AC-999D-2C9029D7B0F3}"
EndProject
Project("{9A19103F-16F7-4668-BE54-9A1E7A4F7556}") = "Contracts", "src\Contracts\Contracts.csproj", "{17C540D6-49AE-4082-B1B6-74C6C038F18F}"
EndProject
Project("{9A19103F-16F7-4668-BE54-9A1E7A4F7556}") = "IdentityService", "src\IdentityService\IdentityService.csproj", "{AFD5A63B-F209-44A9-9DDA-A33AF18C4F90}"
EndProject
Project("{9A19103F-16F7-4668-BE54-9A1E7A4F7556}") = "GatewayService", "src\GatewayService\GatewayService.csproj", "{015010D3-055E-4E5D-83F9-05DF6082A72F}"
EndProject
Project("{E53339B2-1760-4266-BCC7-CA923CBCF16C}") = "docker-compose", "docker-compose.dcproj", "{8B608709-0DE8-4674-BB70-5648F3CF0295}"
EndProject
Global
	GlobalSection(SolutionConfigurationPlatforms) = preSolution
		Debug|Any CPU = Debug|Any CPU
		Release|Any CPU = Release|Any CPU
	EndGlobalSection
	GlobalSection(ProjectConfigurationPlatforms) = postSolution
		{88BF502E-298F-44C9-A2E5-9D54EBED4503}.Debug|Any CPU.ActiveCfg = Debug|Any CPU
		{88BF502E-298F-44C9-A2E5-9D54EBED4503}.Debug|Any CPU.Build.0 = Debug|Any CPU
		{88BF502E-298F-44C9-A2E5-9D54EBED4503}.Release|Any CPU.ActiveCfg = Release|Any CPU
		{88BF502E-298F-44C9-A2E5-9D54EBED4503}.Release|Any CPU.Build.0 = Release|Any CPU
		{2597E1A7-9C4D-41AC-999D-2C9029D7B0F3}.Debug|Any CPU.ActiveCfg = Debug|Any CPU
		{2597E1A7-9C4D-41AC-999D-2C9029D7B0F3}.Debug|Any CPU.Build.0 = Debug|Any CPU
		{2597E1A7-9C4D-41AC-999D-2C9029D7B0F3}.Release|Any CPU.ActiveCfg = Release|Any CPU
		{2597E1A7-9C4D-41AC-999D-2C9029D7B0F3}.Release|Any CPU.Build.0 = Release|Any CPU
		{17C540D6-49AE-4082-B1B6-74C6C038F18F}.Debug|Any CPU.ActiveCfg = Debug|Any CPU
		{17C540D6-49AE-4082-B1B6-74C6C038F18F}.Debug|Any CPU.Build.0 = Debug|Any CPU
		{17C540D6-49AE-4082-B1B6-74C6C038F18F}.Release|Any CPU.ActiveCfg = Release|Any CPU
		{17C540D6-49AE-4082-B1B6-74C6C038F18F}.Release|Any CPU.Build.0 = Release|Any CPU
		{AFD5A63B-F209-44A9-9DDA-A33AF18C4F90}.Debug|Any CPU.ActiveCfg = Debug|Any CPU
		{AFD5A63B-F209-44A9-9DDA-A33AF18C4F90}.Debug|Any CPU.Build.0 = Debug|Any CPU
		{AFD5A63B-F209-44A9-9DDA-A33AF18C4F90}.Release|Any CPU.ActiveCfg = Release|Any CPU
		{AFD5A63B-F209-44A9-9DDA-A33AF18C4F90}.Release|Any CPU.Build.0 = Release|Any CPU
		{015010D3-055E-4E5D-83F9-05DF6082A72F}.Debug|Any CPU.ActiveCfg = Debug|Any CPU
		{015010D3-055E-4E5D-83F9-05DF6082A72F}.Debug|Any CPU.Build.0 = Debug|Any CPU
		{015010D3-055E-4E5D-83F9-05DF6082A72F}.Release|Any CPU.ActiveCfg = Release|Any CPU
		{015010D3-055E-4E5D-83F9-05DF6082A72F}.Release|Any CPU.Build.0 = Release|Any CPU
		{8B608709-0DE8-4674-BB70-5648F3CF0295}.Debug|Any CPU.ActiveCfg = Debug|Any CPU
		{8B608709-0DE8-4674-BB70-5648F3CF0295}.Debug|Any CPU.Build.0 = Debug|Any CPU
		{8B608709-0DE8-4674-BB70-5648F3CF0295}.Release|Any CPU.ActiveCfg = Release|Any CPU
		{8B608709-0DE8-4674-BB70-5648F3CF0295}.Release|Any CPU.Build.0 = Release|Any CPU
	EndGlobalSection
	GlobalSection(SolutionProperties) = preSolution
		HideSolutionNode = FALSE
	EndGlobalSection
	GlobalSection(NestedProjects) = preSolution
		{88BF502E-298F-44C9-A2E5-9D54EBED4503} = {1CC3C9F8-7EC0-4FE8-9B51-BE1439156956}
		{2597E1A7-9C4D-41AC-999D-2C9029D7B0F3} = {1CC3C9F8-7EC0-4FE8-9B51-BE1439156956}
		{17C540D6-49AE-4082-B1B6-74C6C038F18F} = {1CC3C9F8-7EC0-4FE8-9B51-BE1439156956}
		{AFD5A63B-F209-44A9-9DDA-A33AF18C4F90} = {1CC3C9F8-7EC0-4FE8-9B51-BE1439156956}
		{015010D3-055E-4E5D-83F9-05DF6082A72F} = {1CC3C9F8-7EC0-4FE8-9B51-BE1439156956}
	EndGlobalSection
EndGlobal
